
Microsoft Visual Studio Solution File, Format Version 12.00
# Visual Studio Version 17
VisualStudioVersion = 17.5.33424.131
MinimumVisualStudioVersion = 10.0.40219.1
Project("{FAE04EC0-301F-11D3-BF4B-00C04F79EFBC}") = "Cry[to_lab13", "Cry[to_lab13\Cry[to_lab13.csproj", "{EBC3E871-1884-4A24-B834-3F01DC4304C5}"
EndProject
Global
	GlobalSection(SolutionConfigurationPlatforms) = preSolution
		Debug|Any CPU = Debug|Any CPU
		Release|Any CPU = Release|Any CPU
	EndGlobalSection
	GlobalSection(ProjectConfigurationPlatforms) = postSolution
		{EBC3E871-1884-4A24-B834-3F01DC4304C5}.Debug|Any CPU.ActiveCfg = Debug|Any CPU
		{EBC3E871-1884-4A24-B834-3F01DC4304C5}.Debug|Any CPU.Build.0 = Debug|Any CPU
		{EBC3E871-1884-4A24-B834-3F01DC4304C5}.Release|Any CPU.ActiveCfg = Release|Any CPU
		{EBC3E871-1884-4A24-B834-3F01DC4304C5}.Release|Any CPU.Build.0 = Release|Any CPU
	EndGlobalSection
	GlobalSection(SolutionProperties) = preSolution
		HideSolutionNode = FALSE
	EndGlobalSection
	GlobalSection(ExtensibilityGlobals) = postSolution
		SolutionGuid = {DE7194E5-0F99-4979-930A-E4643A8FC1D6}
	EndGlobalSection
EndGlobal
